{
  "name": "rpn",
  "version": "1.0.0",
  "lockfileVersion": 3,
  "requires": true,
  "packages": {
    "": {
      "name": "rpn",
      "version": "1.0.0",
      "license": "ISC",
      "dependencies": {
        "infix-rpn-eval": "^1.0.0"
      }
    },
    "node_modules/infix-rpn-eval": {
      "version": "1.0.0",
      "resolved": "https://registry.npmjs.org/infix-rpn-eval/-/infix-rpn-eval-1.0.0.tgz",
      "integrity": "sha512-mxo1hYqNAXlGoKCCMQFfnK5yUw6ES7MOrP0g6fFA04FHeZM7zigvVFcF1D2loL5T+Puxfuh6PX8wNPwwlnQT7w==",
      "license": "MIT",
      "engines": {
        "node": ">=6"
      }
    }
  }
}
